
Microsoft Visual Studio Solution File, Format Version 12.00
# Visual Studio 14
VisualStudioVersion = 14.0.24720.0
MinimumVisualStudioVersion = 10.0.40219.1
Project("{FAE04EC0-301F-11D3-BF4B-00C04F79EFBC}") = "AutoTest.VS.Util", "AutoTest.VS.Util\AutoTest.VS.Util.csproj", "{5CD7E57A-595E-4E25-9964-DDD3F34CC06D}"
EndProject
Project("{FAE04EC0-301F-11D3-BF4B-00C04F79EFBC}") = "AutoTest.UI", "..\src\AutoTest.UI\AutoTest.UI.csproj", "{3FFC895E-13FE-4C04-9613-BDCAF78BD6A2}"
EndProject
Project("{FAE04EC0-301F-11D3-BF4B-00C04F79EFBC}") = "AutoTest.Messages", "..\src\AutoTest.Messages\AutoTest.Messages.csproj", "{5352CB10-E898-4089-BFF0-79D635FB44C9}"
EndProject
Project("{FAE04EC0-301F-11D3-BF4B-00C04F79EFBC}") = "AutoTest.Core", "..\src\AutoTest.Core\AutoTest.Core.csproj", "{1A05A6F1-2CC0-4A55-A54B-F2AA252F7B45}"
EndProject
Project("{FAE04EC0-301F-11D3-BF4B-00C04F79EFBC}") = "AutoTest.TestRunners.Shared", "..\src\AutoTest.TestRunner\AutoTest.TestRunners.Shared\AutoTest.TestRunners.Shared.csproj", "{7D34AABB-DD67-4826-AD89-75D91A1375F5}"
EndProject
Project("{FAE04EC0-301F-11D3-BF4B-00C04F79EFBC}") = "AutoTest.VS.Util.Tests", "AutoTest.VS.Util.Tests\AutoTest.VS.Util.Tests.csproj", "{CCCC1ED4-7A2B-47E2-A926-2B804D71DE0A}"
EndProject
Project("{2150E333-8FDC-42A3-9474-1A3956D46DE8}") = "Tests", "Tests", "{CC994F7C-E08E-47E1-9493-607423BD21BA}"
EndProject
Project("{FAE04EC0-301F-11D3-BF4B-00C04F79EFBC}") = "VSMenuKiller", "VSMenuKiller\VSMenuKiller.csproj", "{E26EFF0A-098F-455B-B693-0F8853F5A3B7}"
EndProject
Project("{FAE04EC0-301F-11D3-BF4B-00C04F79EFBC}") = "AutoTest.VSIX", "AutoTest.VSIX\AutoTest.VSIX.csproj", "{038E9C23-D948-425E-81EB-781AC1E7D76D}"
EndProject
Project("{FAE04EC0-301F-11D3-BF4B-00C04F79EFBC}") = "AutoTest.TestRunners.Tests", "..\src\AutoTest.TestRunner\AutoTest.TestRunners.Tests\AutoTest.TestRunners.Tests.csproj", "{86D43491-13DA-45E8-B74E-BD3F69030A45}"
EndProject
Project("{FAE04EC0-301F-11D3-BF4B-00C04F79EFBC}") = "AutoTest.TestRunners.NUnit.Tests", "..\src\AutoTest.TestRunner\Plugins\AutoTest.TestRunners.NUnit.Tests\AutoTest.TestRunners.NUnit.Tests.csproj", "{50C99985-64CF-4E34-98A6-AD3CB3527A42}"
EndProject
Project("{FAE04EC0-301F-11D3-BF4B-00C04F79EFBC}") = "AutoTest.TestRunners.NUnit.Tests.TestResource", "..\src\AutoTest.TestRunner\Plugins\AutoTest.TestRunners.NUnit.Tests.TestResource\AutoTest.TestRunners.NUnit.Tests.TestResource.csproj", "{8FC77959-F864-4795-87DF-7F52CE953F3E}"
EndProject
Project("{FAE04EC0-301F-11D3-BF4B-00C04F79EFBC}") = "AutoTest.TestRunners.NUnit", "..\src\AutoTest.TestRunner\Plugins\AutoTest.TestRunners.NUnit\AutoTest.TestRunners.NUnit.csproj", "{C8D15BC2-50DA-48CD-9B7B-48CFB7FF36F5}"
EndProject
Project("{FAE04EC0-301F-11D3-BF4B-00C04F79EFBC}") = "AutoTest.TestRunners.MSTest", "..\src\AutoTest.TestRunner\Plugins\AutoTest.TestRunners.MSTest\AutoTest.TestRunners.MSTest.csproj", "{91AC898D-8D70-461F-B41F-E995895D40B3}"
EndProject
Project("{FAE04EC0-301F-11D3-BF4B-00C04F79EFBC}") = "AutoTest.TestRunners.XUnit", "..\src\AutoTest.TestRunner\Plugins\AutoTest.TestRunners.XUnit\AutoTest.TestRunners.XUnit.csproj", "{B0BD39D5-958D-4860-9897-9BB98907EF99}"
EndProject
Project("{FAE04EC0-301F-11D3-BF4B-00C04F79EFBC}") = "AutoTest.TestRunners.XUnit.Tests", "..\src\AutoTest.TestRunner\Plugins\AutoTest.TestRunners.XUnit.Tests\AutoTest.TestRunners.XUnit.Tests.csproj", "{AFC7C4E0-8298-4EEB-B77D-0D4CE739A847}"
EndProject
Project("{FAE04EC0-301F-11D3-BF4B-00C04F79EFBC}") = "AutoTest.TestRunners.XUnit.Tests.TestResource", "..\src\AutoTest.TestRunner\Plugins\AutoTest.TestRunners.XUnit.Tests.TestResource\AutoTest.TestRunners.XUnit.Tests.TestResource.csproj", "{A756C120-9E09-4D1F-BAA8-D0AF982EEA28}"
EndProject
Project("{FAE04EC0-301F-11D3-BF4B-00C04F79EFBC}") = "AutoTest.TestRunners.MbUnit", "..\src\AutoTest.TestRunner\Plugins\AutoTest.TestRunners.MbUnit\AutoTest.TestRunners.MbUnit.csproj", "{EE41D60E-ED22-43F6-B746-630EA6E6FE85}"
EndProject
Project("{FAE04EC0-301F-11D3-BF4B-00C04F79EFBC}") = "AutoTest.TestRunners.MSpec.Tests", "..\src\AutoTest.TestRunner\Plugins\AutoTest.TestRunners.MSpec.Tests\AutoTest.TestRunners.MSpec.Tests.csproj", "{849CF95D-A213-4CCE-B598-C328FE398FBC}"
EndProject
Project("{FAE04EC0-301F-11D3-BF4B-00C04F79EFBC}") = "AutoTest.TestRunners.MSpec", "..\src\AutoTest.TestRunner\Plugins\AutoTest.TestRunners.MSpec\AutoTest.TestRunners.MSpec.csproj", "{68BA6298-D4EC-4A02-905E-1AF3C0EB2C76}"
EndProject
Project("{FAE04EC0-301F-11D3-BF4B-00C04F79EFBC}") = "AutoTest.TestRunners", "..\src\AutoTest.TestRunner\AutoTest.TestRunners\AutoTest.TestRunners.csproj", "{E648C29A-EF25-44CB-924E-019949ABD6B9}"
EndProject
Project("{FAE04EC0-301F-11D3-BF4B-00C04F79EFBC}") = "AutoTest.TestRunners.SimpleTesting", "..\src\AutoTest.TestRunner\Plugins\AutoTest.TestRunners.SimpleTesting\AutoTest.TestRunners.SimpleTesting.csproj", "{96B0635D-C7E7-40F1-981D-89D1FC4BDC49}"
EndProject
Project("{FAE04EC0-301F-11D3-BF4B-00C04F79EFBC}") = "AutoTest.TestRunners.SimpleTesting.Tests", "..\src\AutoTest.TestRunner\Plugins\AutoTest.TestRunners.SimpleTesting.Tests\AutoTest.TestRunners.SimpleTesting.Tests.csproj", "{7C78B8BD-C1F7-4F36-AC77-9510E67E8F48}"
EndProject
Project("{FAE04EC0-301F-11D3-BF4B-00C04F79EFBC}") = "AutoTest.TestRunners.SimpleTesting.Tests.Resources", "..\src\AutoTest.TestRunner\Plugins\AutoTest.TestRunners.SimpleTesting.Tests.Resources\AutoTest.TestRunners.SimpleTesting.Tests.Resources.csproj", "{F805F188-B103-4CD1-B68F-97B0A4698B15}"
EndProject
Project("{FAE04EC0-301F-11D3-BF4B-00C04F79EFBC}") = "AutoTest.TestRunners.MSpec.Tests.TestResource", "..\src\AutoTest.TestRunner\Plugins\AutoTest.TestRunners.MSpec.Tests.TestResource\AutoTest.TestRunners.MSpec.Tests.TestResource.csproj", "{5EEF8AED-7FE2-4929-8C27-79FBA466BA17}"
EndProject
Project("{2150E333-8FDC-42A3-9474-1A3956D46DE8}") = "TestRunner", "TestRunner", "{40CD35B5-CA5C-43BD-9E63-EE3F52073D4E}"
EndProject
Global
	GlobalSection(SolutionConfigurationPlatforms) = preSolution
		Debug|Any CPU = Debug|Any CPU
		Debug|Mixed Platforms = Debug|Mixed Platforms
		Debug|x86 = Debug|x86
		Release|Any CPU = Release|Any CPU
		Release|Mixed Platforms = Release|Mixed Platforms
		Release|x86 = Release|x86
	EndGlobalSection
	GlobalSection(ProjectConfigurationPlatforms) = postSolution
		{5CD7E57A-595E-4E25-9964-DDD3F34CC06D}.Debug|Any CPU.ActiveCfg = Debug|Any CPU
		{5CD7E57A-595E-4E25-9964-DDD3F34CC06D}.Debug|Any CPU.Build.0 = Debug|Any CPU
		{5CD7E57A-595E-4E25-9964-DDD3F34CC06D}.Debug|Mixed Platforms.ActiveCfg = Debug|Any CPU
		{5CD7E57A-595E-4E25-9964-DDD3F34CC06D}.Debug|Mixed Platforms.Build.0 = Debug|Any CPU
		{5CD7E57A-595E-4E25-9964-DDD3F34CC06D}.Debug|x86.ActiveCfg = Debug|Any CPU
		{5CD7E57A-595E-4E25-9964-DDD3F34CC06D}.Release|Any CPU.ActiveCfg = Release|Any CPU
		{5CD7E57A-595E-4E25-9964-DDD3F34CC06D}.Release|Any CPU.Build.0 = Release|Any CPU
		{5CD7E57A-595E-4E25-9964-DDD3F34CC06D}.Release|Mixed Platforms.ActiveCfg = Release|Any CPU
		{5CD7E57A-595E-4E25-9964-DDD3F34CC06D}.Release|Mixed Platforms.Build.0 = Release|Any CPU
		{5CD7E57A-595E-4E25-9964-DDD3F34CC06D}.Release|x86.ActiveCfg = Release|Any CPU
		{3FFC895E-13FE-4C04-9613-BDCAF78BD6A2}.Debug|Any CPU.ActiveCfg = Debug|Any CPU
		{3FFC895E-13FE-4C04-9613-BDCAF78BD6A2}.Debug|Any CPU.Build.0 = Debug|Any CPU
		{3FFC895E-13FE-4C04-9613-BDCAF78BD6A2}.Debug|Mixed Platforms.ActiveCfg = Debug|Any CPU
		{3FFC895E-13FE-4C04-9613-BDCAF78BD6A2}.Debug|Mixed Platforms.Build.0 = Debug|Any CPU
		{3FFC895E-13FE-4C04-9613-BDCAF78BD6A2}.Debug|x86.ActiveCfg = Debug|Any CPU
		{3FFC895E-13FE-4C04-9613-BDCAF78BD6A2}.Release|Any CPU.ActiveCfg = Release|Any CPU
		{3FFC895E-13FE-4C04-9613-BDCAF78BD6A2}.Release|Any CPU.Build.0 = Release|Any CPU
		{3FFC895E-13FE-4C04-9613-BDCAF78BD6A2}.Release|Mixed Platforms.ActiveCfg = Release|Any CPU
		{3FFC895E-13FE-4C04-9613-BDCAF78BD6A2}.Release|Mixed Platforms.Build.0 = Release|Any CPU
		{3FFC895E-13FE-4C04-9613-BDCAF78BD6A2}.Release|x86.ActiveCfg = Release|Any CPU
		{5352CB10-E898-4089-BFF0-79D635FB44C9}.Debug|Any CPU.ActiveCfg = Debug|Any CPU
		{5352CB10-E898-4089-BFF0-79D635FB44C9}.Debug|Any CPU.Build.0 = Debug|Any CPU
		{5352CB10-E898-4089-BFF0-79D635FB44C9}.Debug|Mixed Platforms.ActiveCfg = Debug|Any CPU
		{5352CB10-E898-4089-BFF0-79D635FB44C9}.Debug|Mixed Platforms.Build.0 = Debug|Any CPU
		{5352CB10-E898-4089-BFF0-79D635FB44C9}.Debug|x86.ActiveCfg = Debug|Any CPU
		{5352CB10-E898-4089-BFF0-79D635FB44C9}.Release|Any CPU.ActiveCfg = Release|Any CPU
		{5352CB10-E898-4089-BFF0-79D635FB44C9}.Release|Any CPU.Build.0 = Release|Any CPU
		{5352CB10-E898-4089-BFF0-79D635FB44C9}.Release|Mixed Platforms.ActiveCfg = Release|Any CPU
		{5352CB10-E898-4089-BFF0-79D635FB44C9}.Release|Mixed Platforms.Build.0 = Release|Any CPU
		{5352CB10-E898-4089-BFF0-79D635FB44C9}.Release|x86.ActiveCfg = Release|Any CPU
		{1A05A6F1-2CC0-4A55-A54B-F2AA252F7B45}.Debug|Any CPU.ActiveCfg = Debug|Any CPU
		{1A05A6F1-2CC0-4A55-A54B-F2AA252F7B45}.Debug|Any CPU.Build.0 = Debug|Any CPU
		{1A05A6F1-2CC0-4A55-A54B-F2AA252F7B45}.Debug|Mixed Platforms.ActiveCfg = Debug|Any CPU
		{1A05A6F1-2CC0-4A55-A54B-F2AA252F7B45}.Debug|Mixed Platforms.Build.0 = Debug|Any CPU
		{1A05A6F1-2CC0-4A55-A54B-F2AA252F7B45}.Debug|x86.ActiveCfg = Debug|Any CPU
		{1A05A6F1-2CC0-4A55-A54B-F2AA252F7B45}.Release|Any CPU.ActiveCfg = Release|Any CPU
		{1A05A6F1-2CC0-4A55-A54B-F2AA252F7B45}.Release|Any CPU.Build.0 = Release|Any CPU
		{1A05A6F1-2CC0-4A55-A54B-F2AA252F7B45}.Release|Mixed Platforms.ActiveCfg = Release|Any CPU
		{1A05A6F1-2CC0-4A55-A54B-F2AA252F7B45}.Release|Mixed Platforms.Build.0 = Release|Any CPU
		{1A05A6F1-2CC0-4A55-A54B-F2AA252F7B45}.Release|x86.ActiveCfg = Release|Any CPU
		{7D34AABB-DD67-4826-AD89-75D91A1375F5}.Debug|Any CPU.ActiveCfg = Debug|Any CPU
		{7D34AABB-DD67-4826-AD89-75D91A1375F5}.Debug|Any CPU.Build.0 = Debug|Any CPU
		{7D34AABB-DD67-4826-AD89-75D91A1375F5}.Debug|Mixed Platforms.ActiveCfg = Debug|x86
		{7D34AABB-DD67-4826-AD89-75D91A1375F5}.Debug|Mixed Platforms.Build.0 = Debug|x86
		{7D34AABB-DD67-4826-AD89-75D91A1375F5}.Debug|x86.ActiveCfg = Debug|x86
		{7D34AABB-DD67-4826-AD89-75D91A1375F5}.Debug|x86.Build.0 = Debug|x86
		{7D34AABB-DD67-4826-AD89-75D91A1375F5}.Release|Any CPU.ActiveCfg = Release|Any CPU
		{7D34AABB-DD67-4826-AD89-75D91A1375F5}.Release|Any CPU.Build.0 = Release|Any CPU
		{7D34AABB-DD67-4826-AD89-75D91A1375F5}.Release|Mixed Platforms.ActiveCfg = Release|x86
		{7D34AABB-DD67-4826-AD89-75D91A1375F5}.Release|Mixed Platforms.Build.0 = Release|x86
		{7D34AABB-DD67-4826-AD89-75D91A1375F5}.Release|x86.ActiveCfg = Release|x86
		{7D34AABB-DD67-4826-AD89-75D91A1375F5}.Release|x86.Build.0 = Release|x86
		{CCCC1ED4-7A2B-47E2-A926-2B804D71DE0A}.Debug|Any CPU.ActiveCfg = Debug|Any CPU
		{CCCC1ED4-7A2B-47E2-A926-2B804D71DE0A}.Debug|Any CPU.Build.0 = Debug|Any CPU
		{CCCC1ED4-7A2B-47E2-A926-2B804D71DE0A}.Debug|Mixed Platforms.ActiveCfg = Debug|Any CPU
		{CCCC1ED4-7A2B-47E2-A926-2B804D71DE0A}.Debug|Mixed Platforms.Build.0 = Debug|Any CPU
		{CCCC1ED4-7A2B-47E2-A926-2B804D71DE0A}.Debug|x86.ActiveCfg = Debug|Any CPU
		{CCCC1ED4-7A2B-47E2-A926-2B804D71DE0A}.Release|Any CPU.ActiveCfg = Release|Any CPU
		{CCCC1ED4-7A2B-47E2-A926-2B804D71DE0A}.Release|Any CPU.Build.0 = Release|Any CPU
		{CCCC1ED4-7A2B-47E2-A926-2B804D71DE0A}.Release|Mixed Platforms.ActiveCfg = Release|Any CPU
		{CCCC1ED4-7A2B-47E2-A926-2B804D71DE0A}.Release|Mixed Platforms.Build.0 = Release|Any CPU
		{CCCC1ED4-7A2B-47E2-A926-2B804D71DE0A}.Release|x86.ActiveCfg = Release|Any CPU
		{E26EFF0A-098F-455B-B693-0F8853F5A3B7}.Debug|Any CPU.ActiveCfg = Debug|x86
		{E26EFF0A-098F-455B-B693-0F8853F5A3B7}.Debug|Mixed Platforms.ActiveCfg = Debug|x86
		{E26EFF0A-098F-455B-B693-0F8853F5A3B7}.Debug|Mixed Platforms.Build.0 = Debug|x86
		{E26EFF0A-098F-455B-B693-0F8853F5A3B7}.Debug|x86.ActiveCfg = Debug|x86
		{E26EFF0A-098F-455B-B693-0F8853F5A3B7}.Debug|x86.Build.0 = Debug|x86
		{E26EFF0A-098F-455B-B693-0F8853F5A3B7}.Release|Any CPU.ActiveCfg = Release|x86
		{E26EFF0A-098F-455B-B693-0F8853F5A3B7}.Release|Mixed Platforms.ActiveCfg = Release|x86
		{E26EFF0A-098F-455B-B693-0F8853F5A3B7}.Release|Mixed Platforms.Build.0 = Release|x86
		{E26EFF0A-098F-455B-B693-0F8853F5A3B7}.Release|x86.ActiveCfg = Release|x86
		{E26EFF0A-098F-455B-B693-0F8853F5A3B7}.Release|x86.Build.0 = Release|x86
		{038E9C23-D948-425E-81EB-781AC1E7D76D}.Debug|Any CPU.ActiveCfg = Debug|Any CPU
		{038E9C23-D948-425E-81EB-781AC1E7D76D}.Debug|Any CPU.Build.0 = Debug|Any CPU
		{038E9C23-D948-425E-81EB-781AC1E7D76D}.Debug|Mixed Platforms.ActiveCfg = Debug|Any CPU
		{038E9C23-D948-425E-81EB-781AC1E7D76D}.Debug|Mixed Platforms.Build.0 = Debug|Any CPU
		{038E9C23-D948-425E-81EB-781AC1E7D76D}.Debug|x86.ActiveCfg = Debug|Any CPU
		{038E9C23-D948-425E-81EB-781AC1E7D76D}.Debug|x86.Build.0 = Debug|Any CPU
		{038E9C23-D948-425E-81EB-781AC1E7D76D}.Release|Any CPU.ActiveCfg = Release|Any CPU
		{038E9C23-D948-425E-81EB-781AC1E7D76D}.Release|Any CPU.Build.0 = Release|Any CPU
		{038E9C23-D948-425E-81EB-781AC1E7D76D}.Release|Mixed Platforms.ActiveCfg = Release|Any CPU
		{038E9C23-D948-425E-81EB-781AC1E7D76D}.Release|Mixed Platforms.Build.0 = Release|Any CPU
		{038E9C23-D948-425E-81EB-781AC1E7D76D}.Release|x86.ActiveCfg = Release|Any CPU
		{038E9C23-D948-425E-81EB-781AC1E7D76D}.Release|x86.Build.0 = Release|Any CPU
		{86D43491-13DA-45E8-B74E-BD3F69030A45}.Debug|Any CPU.ActiveCfg = Debug|Any CPU
		{86D43491-13DA-45E8-B74E-BD3F69030A45}.Debug|Any CPU.Build.0 = Debug|Any CPU
		{86D43491-13DA-45E8-B74E-BD3F69030A45}.Debug|Mixed Platforms.ActiveCfg = Debug|x86
		{86D43491-13DA-45E8-B74E-BD3F69030A45}.Debug|Mixed Platforms.Build.0 = Debug|x86
		{86D43491-13DA-45E8-B74E-BD3F69030A45}.Debug|x86.ActiveCfg = Debug|x86
		{86D43491-13DA-45E8-B74E-BD3F69030A45}.Debug|x86.Build.0 = Debug|x86
		{86D43491-13DA-45E8-B74E-BD3F69030A45}.Release|Any CPU.ActiveCfg = Release|Any CPU
		{86D43491-13DA-45E8-B74E-BD3F69030A45}.Release|Any CPU.Build.0 = Release|Any CPU
		{86D43491-13DA-45E8-B74E-BD3F69030A45}.Release|Mixed Platforms.ActiveCfg = Release|x86
		{86D43491-13DA-45E8-B74E-BD3F69030A45}.Release|Mixed Platforms.Build.0 = Release|x86
		{86D43491-13DA-45E8-B74E-BD3F69030A45}.Release|x86.ActiveCfg = Release|x86
		{86D43491-13DA-45E8-B74E-BD3F69030A45}.Release|x86.Build.0 = Release|x86
		{50C99985-64CF-4E34-98A6-AD3CB3527A42}.Debug|Any CPU.ActiveCfg = Debug|Any CPU
		{50C99985-64CF-4E34-98A6-AD3CB3527A42}.Debug|Any CPU.Build.0 = Debug|Any CPU
		{50C99985-64CF-4E34-98A6-AD3CB3527A42}.Debug|Mixed Platforms.ActiveCfg = Debug|x86
		{50C99985-64CF-4E34-98A6-AD3CB3527A42}.Debug|Mixed Platforms.Build.0 = Debug|x86
		{50C99985-64CF-4E34-98A6-AD3CB3527A42}.Debug|x86.ActiveCfg = Debug|x86
		{50C99985-64CF-4E34-98A6-AD3CB3527A42}.Debug|x86.Build.0 = Debug|x86
		{50C99985-64CF-4E34-98A6-AD3CB3527A42}.Release|Any CPU.ActiveCfg = Release|Any CPU
		{50C99985-64CF-4E34-98A6-AD3CB3527A42}.Release|Any CPU.Build.0 = Release|Any CPU
		{50C99985-64CF-4E34-98A6-AD3CB3527A42}.Release|Mixed Platforms.ActiveCfg = Release|x86
		{50C99985-64CF-4E34-98A6-AD3CB3527A42}.Release|Mixed Platforms.Build.0 = Release|x86
		{50C99985-64CF-4E34-98A6-AD3CB3527A42}.Release|x86.ActiveCfg = Release|x86
		{50C99985-64CF-4E34-98A6-AD3CB3527A42}.Release|x86.Build.0 = Release|x86
		{8FC77959-F864-4795-87DF-7F52CE953F3E}.Debug|Any CPU.ActiveCfg = Debug|Any CPU
		{8FC77959-F864-4795-87DF-7F52CE953F3E}.Debug|Any CPU.Build.0 = Debug|Any CPU
		{8FC77959-F864-4795-87DF-7F52CE953F3E}.Debug|Mixed Platforms.ActiveCfg = Debug|x86
		{8FC77959-F864-4795-87DF-7F52CE953F3E}.Debug|Mixed Platforms.Build.0 = Debug|x86
		{8FC77959-F864-4795-87DF-7F52CE953F3E}.Debug|x86.ActiveCfg = Debug|x86
		{8FC77959-F864-4795-87DF-7F52CE953F3E}.Debug|x86.Build.0 = Debug|x86
		{8FC77959-F864-4795-87DF-7F52CE953F3E}.Release|Any CPU.ActiveCfg = Release|Any CPU
		{8FC77959-F864-4795-87DF-7F52CE953F3E}.Release|Any CPU.Build.0 = Release|Any CPU
		{8FC77959-F864-4795-87DF-7F52CE953F3E}.Release|Mixed Platforms.ActiveCfg = Release|x86
		{8FC77959-F864-4795-87DF-7F52CE953F3E}.Release|Mixed Platforms.Build.0 = Release|x86
		{8FC77959-F864-4795-87DF-7F52CE953F3E}.Release|x86.ActiveCfg = Release|x86
		{8FC77959-F864-4795-87DF-7F52CE953F3E}.Release|x86.Build.0 = Release|x86
		{C8D15BC2-50DA-48CD-9B7B-48CFB7FF36F5}.Debug|Any CPU.ActiveCfg = Debug|Any CPU
		{C8D15BC2-50DA-48CD-9B7B-48CFB7FF36F5}.Debug|Any CPU.Build.0 = Debug|Any CPU
		{C8D15BC2-50DA-48CD-9B7B-48CFB7FF36F5}.Debug|Mixed Platforms.ActiveCfg = Debug|x86
		{C8D15BC2-50DA-48CD-9B7B-48CFB7FF36F5}.Debug|Mixed Platforms.Build.0 = Debug|x86
		{C8D15BC2-50DA-48CD-9B7B-48CFB7FF36F5}.Debug|x86.ActiveCfg = Debug|x86
		{C8D15BC2-50DA-48CD-9B7B-48CFB7FF36F5}.Debug|x86.Build.0 = Debug|x86
		{C8D15BC2-50DA-48CD-9B7B-48CFB7FF36F5}.Release|Any CPU.ActiveCfg = Release|Any CPU
		{C8D15BC2-50DA-48CD-9B7B-48CFB7FF36F5}.Release|Any CPU.Build.0 = Release|Any CPU
		{C8D15BC2-50DA-48CD-9B7B-48CFB7FF36F5}.Release|Mixed Platforms.ActiveCfg = Release|x86
		{C8D15BC2-50DA-48CD-9B7B-48CFB7FF36F5}.Release|Mixed Platforms.Build.0 = Release|x86
		{C8D15BC2-50DA-48CD-9B7B-48CFB7FF36F5}.Release|x86.ActiveCfg = Release|x86
		{C8D15BC2-50DA-48CD-9B7B-48CFB7FF36F5}.Release|x86.Build.0 = Release|x86
		{91AC898D-8D70-461F-B41F-E995895D40B3}.Debug|Any CPU.ActiveCfg = Debug|Any CPU
		{91AC898D-8D70-461F-B41F-E995895D40B3}.Debug|Any CPU.Build.0 = Debug|Any CPU
		{91AC898D-8D70-461F-B41F-E995895D40B3}.Debug|Mixed Platforms.ActiveCfg = Debug|x86
		{91AC898D-8D70-461F-B41F-E995895D40B3}.Debug|Mixed Platforms.Build.0 = Debug|x86
		{91AC898D-8D70-461F-B41F-E995895D40B3}.Debug|x86.ActiveCfg = Debug|x86
		{91AC898D-8D70-461F-B41F-E995895D40B3}.Debug|x86.Build.0 = Debug|x86
		{91AC898D-8D70-461F-B41F-E995895D40B3}.Release|Any CPU.ActiveCfg = Release|Any CPU
		{91AC898D-8D70-461F-B41F-E995895D40B3}.Release|Any CPU.Build.0 = Release|Any CPU
		{91AC898D-8D70-461F-B41F-E995895D40B3}.Release|Mixed Platforms.ActiveCfg = Release|x86
		{91AC898D-8D70-461F-B41F-E995895D40B3}.Release|Mixed Platforms.Build.0 = Release|x86
		{91AC898D-8D70-461F-B41F-E995895D40B3}.Release|x86.ActiveCfg = Release|x86
		{91AC898D-8D70-461F-B41F-E995895D40B3}.Release|x86.Build.0 = Release|x86
		{B0BD39D5-958D-4860-9897-9BB98907EF99}.Debug|Any CPU.ActiveCfg = Debug|Any CPU
		{B0BD39D5-958D-4860-9897-9BB98907EF99}.Debug|Any CPU.Build.0 = Debug|Any CPU
		{B0BD39D5-958D-4860-9897-9BB98907EF99}.Debug|Mixed Platforms.ActiveCfg = Debug|x86
		{B0BD39D5-958D-4860-9897-9BB98907EF99}.Debug|Mixed Platforms.Build.0 = Debug|x86
		{B0BD39D5-958D-4860-9897-9BB98907EF99}.Debug|x86.ActiveCfg = Debug|x86
		{B0BD39D5-958D-4860-9897-9BB98907EF99}.Debug|x86.Build.0 = Debug|x86
		{B0BD39D5-958D-4860-9897-9BB98907EF99}.Release|Any CPU.ActiveCfg = Release|Any CPU
		{B0BD39D5-958D-4860-9897-9BB98907EF99}.Release|Any CPU.Build.0 = Release|Any CPU
		{B0BD39D5-958D-4860-9897-9BB98907EF99}.Release|Mixed Platforms.ActiveCfg = Release|x86
		{B0BD39D5-958D-4860-9897-9BB98907EF99}.Release|Mixed Platforms.Build.0 = Release|x86
		{B0BD39D5-958D-4860-9897-9BB98907EF99}.Release|x86.ActiveCfg = Release|x86
		{B0BD39D5-958D-4860-9897-9BB98907EF99}.Release|x86.Build.0 = Release|x86
		{AFC7C4E0-8298-4EEB-B77D-0D4CE739A847}.Debug|Any CPU.ActiveCfg = Debug|Any CPU
		{AFC7C4E0-8298-4EEB-B77D-0D4CE739A847}.Debug|Any CPU.Build.0 = Debug|Any CPU
		{AFC7C4E0-8298-4EEB-B77D-0D4CE739A847}.Debug|Mixed Platforms.ActiveCfg = Debug|x86
		{AFC7C4E0-8298-4EEB-B77D-0D4CE739A847}.Debug|Mixed Platforms.Build.0 = Debug|x86
		{AFC7C4E0-8298-4EEB-B77D-0D4CE739A847}.Debug|x86.ActiveCfg = Debug|x86
		{AFC7C4E0-8298-4EEB-B77D-0D4CE739A847}.Debug|x86.Build.0 = Debug|x86
		{AFC7C4E0-8298-4EEB-B77D-0D4CE739A847}.Release|Any CPU.ActiveCfg = Release|Any CPU
		{AFC7C4E0-8298-4EEB-B77D-0D4CE739A847}.Release|Any CPU.Build.0 = Release|Any CPU
		{AFC7C4E0-8298-4EEB-B77D-0D4CE739A847}.Release|Mixed Platforms.ActiveCfg = Release|x86
		{AFC7C4E0-8298-4EEB-B77D-0D4CE739A847}.Release|Mixed Platforms.Build.0 = Release|x86
		{AFC7C4E0-8298-4EEB-B77D-0D4CE739A847}.Release|x86.ActiveCfg = Release|x86
		{AFC7C4E0-8298-4EEB-B77D-0D4CE739A847}.Release|x86.Build.0 = Release|x86
		{A756C120-9E09-4D1F-BAA8-D0AF982EEA28}.Debug|Any CPU.ActiveCfg = Debug|Any CPU
		{A756C120-9E09-4D1F-BAA8-D0AF982EEA28}.Debug|Any CPU.Build.0 = Debug|Any CPU
		{A756C120-9E09-4D1F-BAA8-D0AF982EEA28}.Debug|Mixed Platforms.ActiveCfg = Debug|x86
		{A756C120-9E09-4D1F-BAA8-D0AF982EEA28}.Debug|Mixed Platforms.Build.0 = Debug|x86
		{A756C120-9E09-4D1F-BAA8-D0AF982EEA28}.Debug|x86.ActiveCfg = Debug|x86
		{A756C120-9E09-4D1F-BAA8-D0AF982EEA28}.Debug|x86.Build.0 = Debug|x86
		{A756C120-9E09-4D1F-BAA8-D0AF982EEA28}.Release|Any CPU.ActiveCfg = Release|Any CPU
		{A756C120-9E09-4D1F-BAA8-D0AF982EEA28}.Release|Any CPU.Build.0 = Release|Any CPU
		{A756C120-9E09-4D1F-BAA8-D0AF982EEA28}.Release|Mixed Platforms.ActiveCfg = Release|x86
		{A756C120-9E09-4D1F-BAA8-D0AF982EEA28}.Release|Mixed Platforms.Build.0 = Release|x86
		{A756C120-9E09-4D1F-BAA8-D0AF982EEA28}.Release|x86.ActiveCfg = Release|x86
		{A756C120-9E09-4D1F-BAA8-D0AF982EEA28}.Release|x86.Build.0 = Release|x86
		{EE41D60E-ED22-43F6-B746-630EA6E6FE85}.Debug|Any CPU.ActiveCfg = Debug|Any CPU
		{EE41D60E-ED22-43F6-B746-630EA6E6FE85}.Debug|Any CPU.Build.0 = Debug|Any CPU
		{EE41D60E-ED22-43F6-B746-630EA6E6FE85}.Debug|Mixed Platforms.ActiveCfg = Debug|x86
		{EE41D60E-ED22-43F6-B746-630EA6E6FE85}.Debug|Mixed Platforms.Build.0 = Debug|x86
		{EE41D60E-ED22-43F6-B746-630EA6E6FE85}.Debug|x86.ActiveCfg = Debug|x86
		{EE41D60E-ED22-43F6-B746-630EA6E6FE85}.Debug|x86.Build.0 = Debug|x86
		{EE41D60E-ED22-43F6-B746-630EA6E6FE85}.Release|Any CPU.ActiveCfg = Release|Any CPU
		{EE41D60E-ED22-43F6-B746-630EA6E6FE85}.Release|Any CPU.Build.0 = Release|Any CPU
		{EE41D60E-ED22-43F6-B746-630EA6E6FE85}.Release|Mixed Platforms.ActiveCfg = Release|x86
		{EE41D60E-ED22-43F6-B746-630EA6E6FE85}.Release|Mixed Platforms.Build.0 = Release|x86
		{EE41D60E-ED22-43F6-B746-630EA6E6FE85}.Release|x86.ActiveCfg = Release|x86
		{EE41D60E-ED22-43F6-B746-630EA6E6FE85}.Release|x86.Build.0 = Release|x86
		{849CF95D-A213-4CCE-B598-C328FE398FBC}.Debug|Any CPU.ActiveCfg = Debug|Any CPU
		{849CF95D-A213-4CCE-B598-C328FE398FBC}.Debug|Any CPU.Build.0 = Debug|Any CPU
		{849CF95D-A213-4CCE-B598-C328FE398FBC}.Debug|Mixed Platforms.ActiveCfg = Debug|Any CPU
		{849CF95D-A213-4CCE-B598-C328FE398FBC}.Debug|Mixed Platforms.Build.0 = Debug|Any CPU
		{849CF95D-A213-4CCE-B598-C328FE398FBC}.Debug|x86.ActiveCfg = Debug|Any CPU
		{849CF95D-A213-4CCE-B598-C328FE398FBC}.Debug|x86.Build.0 = Debug|Any CPU
		{849CF95D-A213-4CCE-B598-C328FE398FBC}.Release|Any CPU.ActiveCfg = Release|Any CPU
		{849CF95D-A213-4CCE-B598-C328FE398FBC}.Release|Any CPU.Build.0 = Release|Any CPU
		{849CF95D-A213-4CCE-B598-C328FE398FBC}.Release|Mixed Platforms.ActiveCfg = Release|Any CPU
		{849CF95D-A213-4CCE-B598-C328FE398FBC}.Release|Mixed Platforms.Build.0 = Release|Any CPU
		{849CF95D-A213-4CCE-B598-C328FE398FBC}.Release|x86.ActiveCfg = Release|Any CPU
		{849CF95D-A213-4CCE-B598-C328FE398FBC}.Release|x86.Build.0 = Release|Any CPU
		{68BA6298-D4EC-4A02-905E-1AF3C0EB2C76}.Debug|Any CPU.ActiveCfg = Debug|Any CPU
		{68BA6298-D4EC-4A02-905E-1AF3C0EB2C76}.Debug|Any CPU.Build.0 = Debug|Any CPU
		{68BA6298-D4EC-4A02-905E-1AF3C0EB2C76}.Debug|Mixed Platforms.ActiveCfg = Debug|Any CPU
		{68BA6298-D4EC-4A02-905E-1AF3C0EB2C76}.Debug|Mixed Platforms.Build.0 = Debug|Any CPU
		{68BA6298-D4EC-4A02-905E-1AF3C0EB2C76}.Debug|x86.ActiveCfg = Debug|Any CPU
		{68BA6298-D4EC-4A02-905E-1AF3C0EB2C76}.Debug|x86.Build.0 = Debug|Any CPU
		{68BA6298-D4EC-4A02-905E-1AF3C0EB2C76}.Release|Any CPU.ActiveCfg = Release|Any CPU
		{68BA6298-D4EC-4A02-905E-1AF3C0EB2C76}.Release|Any CPU.Build.0 = Release|Any CPU
		{68BA6298-D4EC-4A02-905E-1AF3C0EB2C76}.Release|Mixed Platforms.ActiveCfg = Release|Any CPU
		{68BA6298-D4EC-4A02-905E-1AF3C0EB2C76}.Release|Mixed Platforms.Build.0 = Release|Any CPU
		{68BA6298-D4EC-4A02-905E-1AF3C0EB2C76}.Release|x86.ActiveCfg = Release|Any CPU
		{68BA6298-D4EC-4A02-905E-1AF3C0EB2C76}.Release|x86.Build.0 = Release|Any CPU
		{E648C29A-EF25-44CB-924E-019949ABD6B9}.Debug|Any CPU.ActiveCfg = Debug|Any CPU
		{E648C29A-EF25-44CB-924E-019949ABD6B9}.Debug|Any CPU.Build.0 = Debug|Any CPU
		{E648C29A-EF25-44CB-924E-019949ABD6B9}.Debug|Mixed Platforms.ActiveCfg = Debug|x86
		{E648C29A-EF25-44CB-924E-019949ABD6B9}.Debug|Mixed Platforms.Build.0 = Debug|x86
		{E648C29A-EF25-44CB-924E-019949ABD6B9}.Debug|x86.ActiveCfg = Debug|x86
		{E648C29A-EF25-44CB-924E-019949ABD6B9}.Debug|x86.Build.0 = Debug|x86
		{E648C29A-EF25-44CB-924E-019949ABD6B9}.Release|Any CPU.ActiveCfg = Release|Any CPU
		{E648C29A-EF25-44CB-924E-019949ABD6B9}.Release|Any CPU.Build.0 = Release|Any CPU
		{E648C29A-EF25-44CB-924E-019949ABD6B9}.Release|Mixed Platforms.ActiveCfg = Release|x86
		{E648C29A-EF25-44CB-924E-019949ABD6B9}.Release|Mixed Platforms.Build.0 = Release|x86
		{E648C29A-EF25-44CB-924E-019949ABD6B9}.Release|x86.ActiveCfg = Release|x86
		{E648C29A-EF25-44CB-924E-019949ABD6B9}.Release|x86.Build.0 = Release|x86
		{96B0635D-C7E7-40F1-981D-89D1FC4BDC49}.Debug|Any CPU.ActiveCfg = Debug|Any CPU
		{96B0635D-C7E7-40F1-981D-89D1FC4BDC49}.Debug|Any CPU.Build.0 = Debug|Any CPU
		{96B0635D-C7E7-40F1-981D-89D1FC4BDC49}.Debug|Mixed Platforms.ActiveCfg = Debug|Any CPU
		{96B0635D-C7E7-40F1-981D-89D1FC4BDC49}.Debug|Mixed Platforms.Build.0 = Debug|Any CPU
		{96B0635D-C7E7-40F1-981D-89D1FC4BDC49}.Debug|x86.ActiveCfg = Debug|Any CPU
		{96B0635D-C7E7-40F1-981D-89D1FC4BDC49}.Debug|x86.Build.0 = Debug|Any CPU
		{96B0635D-C7E7-40F1-981D-89D1FC4BDC49}.Release|Any CPU.ActiveCfg = Release|Any CPU
		{96B0635D-C7E7-40F1-981D-89D1FC4BDC49}.Release|Any CPU.Build.0 = Release|Any CPU
		{96B0635D-C7E7-40F1-981D-89D1FC4BDC49}.Release|Mixed Platforms.ActiveCfg = Release|Any CPU
		{96B0635D-C7E7-40F1-981D-89D1FC4BDC49}.Release|Mixed Platforms.Build.0 = Release|Any CPU
		{96B0635D-C7E7-40F1-981D-89D1FC4BDC49}.Release|x86.ActiveCfg = Release|Any CPU
		{96B0635D-C7E7-40F1-981D-89D1FC4BDC49}.Release|x86.Build.0 = Release|Any CPU
		{7C78B8BD-C1F7-4F36-AC77-9510E67E8F48}.Debug|Any CPU.ActiveCfg = Debug|Any CPU
		{7C78B8BD-C1F7-4F36-AC77-9510E67E8F48}.Debug|Any CPU.Build.0 = Debug|Any CPU
		{7C78B8BD-C1F7-4F36-AC77-9510E67E8F48}.Debug|Mixed Platforms.ActiveCfg = Debug|Any CPU
		{7C78B8BD-C1F7-4F36-AC77-9510E67E8F48}.Debug|Mixed Platforms.Build.0 = Debug|Any CPU
		{7C78B8BD-C1F7-4F36-AC77-9510E67E8F48}.Debug|x86.ActiveCfg = Debug|Any CPU
		{7C78B8BD-C1F7-4F36-AC77-9510E67E8F48}.Debug|x86.Build.0 = Debug|Any CPU
		{7C78B8BD-C1F7-4F36-AC77-9510E67E8F48}.Release|Any CPU.ActiveCfg = Release|Any CPU
		{7C78B8BD-C1F7-4F36-AC77-9510E67E8F48}.Release|Any CPU.Build.0 = Release|Any CPU
		{7C78B8BD-C1F7-4F36-AC77-9510E67E8F48}.Release|Mixed Platforms.ActiveCfg = Release|Any CPU
		{7C78B8BD-C1F7-4F36-AC77-9510E67E8F48}.Release|Mixed Platforms.Build.0 = Release|Any CPU
		{7C78B8BD-C1F7-4F36-AC77-9510E67E8F48}.Release|x86.ActiveCfg = Release|Any CPU
		{7C78B8BD-C1F7-4F36-AC77-9510E67E8F48}.Release|x86.Build.0 = Release|Any CPU
		{F805F188-B103-4CD1-B68F-97B0A4698B15}.Debug|Any CPU.ActiveCfg = Debug|Any CPU
		{F805F188-B103-4CD1-B68F-97B0A4698B15}.Debug|Any CPU.Build.0 = Debug|Any CPU
		{F805F188-B103-4CD1-B68F-97B0A4698B15}.Debug|Mixed Platforms.ActiveCfg = Debug|Any CPU
		{F805F188-B103-4CD1-B68F-97B0A4698B15}.Debug|Mixed Platforms.Build.0 = Debug|Any CPU
		{F805F188-B103-4CD1-B68F-97B0A4698B15}.Debug|x86.ActiveCfg = Debug|Any CPU
		{F805F188-B103-4CD1-B68F-97B0A4698B15}.Debug|x86.Build.0 = Debug|Any CPU
		{F805F188-B103-4CD1-B68F-97B0A4698B15}.Release|Any CPU.ActiveCfg = Release|Any CPU
		{F805F188-B103-4CD1-B68F-97B0A4698B15}.Release|Any CPU.Build.0 = Release|Any CPU
		{F805F188-B103-4CD1-B68F-97B0A4698B15}.Release|Mixed Platforms.ActiveCfg = Release|Any CPU
		{F805F188-B103-4CD1-B68F-97B0A4698B15}.Release|Mixed Platforms.Build.0 = Release|Any CPU
		{F805F188-B103-4CD1-B68F-97B0A4698B15}.Release|x86.ActiveCfg = Release|Any CPU
		{F805F188-B103-4CD1-B68F-97B0A4698B15}.Release|x86.Build.0 = Release|Any CPU
		{5EEF8AED-7FE2-4929-8C27-79FBA466BA17}.Debug|Any CPU.ActiveCfg = Debug|Any CPU
		{5EEF8AED-7FE2-4929-8C27-79FBA466BA17}.Debug|Any CPU.Build.0 = Debug|Any CPU
		{5EEF8AED-7FE2-4929-8C27-79FBA466BA17}.Debug|Mixed Platforms.ActiveCfg = Debug|Any CPU
		{5EEF8AED-7FE2-4929-8C27-79FBA466BA17}.Debug|Mixed Platforms.Build.0 = Debug|Any CPU
		{5EEF8AED-7FE2-4929-8C27-79FBA466BA17}.Debug|x86.ActiveCfg = Debug|Any CPU
		{5EEF8AED-7FE2-4929-8C27-79FBA466BA17}.Debug|x86.Build.0 = Debug|Any CPU
		{5EEF8AED-7FE2-4929-8C27-79FBA466BA17}.Release|Any CPU.ActiveCfg = Release|Any CPU
		{5EEF8AED-7FE2-4929-8C27-79FBA466BA17}.Release|Any CPU.Build.0 = Release|Any CPU
		{5EEF8AED-7FE2-4929-8C27-79FBA466BA17}.Release|Mixed Platforms.ActiveCfg = Release|Any CPU
		{5EEF8AED-7FE2-4929-8C27-79FBA466BA17}.Release|Mixed Platforms.Build.0 = Release|Any CPU
		{5EEF8AED-7FE2-4929-8C27-79FBA466BA17}.Release|x86.ActiveCfg = Release|Any CPU
		{5EEF8AED-7FE2-4929-8C27-79FBA466BA17}.Release|x86.Build.0 = Release|Any CPU
	EndGlobalSection
	GlobalSection(SolutionProperties) = preSolution
		HideSolutionNode = FALSE
	EndGlobalSection
	GlobalSection(NestedProjects) = preSolution
		{7D34AABB-DD67-4826-AD89-75D91A1375F5} = {40CD35B5-CA5C-43BD-9E63-EE3F52073D4E}
		{CCCC1ED4-7A2B-47E2-A926-2B804D71DE0A} = {CC994F7C-E08E-47E1-9493-607423BD21BA}
		{86D43491-13DA-45E8-B74E-BD3F69030A45} = {40CD35B5-CA5C-43BD-9E63-EE3F52073D4E}
		{50C99985-64CF-4E34-98A6-AD3CB3527A42} = {40CD35B5-CA5C-43BD-9E63-EE3F52073D4E}
		{8FC77959-F864-4795-87DF-7F52CE953F3E} = {40CD35B5-CA5C-43BD-9E63-EE3F52073D4E}
		{C8D15BC2-50DA-48CD-9B7B-48CFB7FF36F5} = {40CD35B5-CA5C-43BD-9E63-EE3F52073D4E}
		{91AC898D-8D70-461F-B41F-E995895D40B3} = {40CD35B5-CA5C-43BD-9E63-EE3F52073D4E}
		{B0BD39D5-958D-4860-9897-9BB98907EF99} = {40CD35B5-CA5C-43BD-9E63-EE3F52073D4E}
		{AFC7C4E0-8298-4EEB-B77D-0D4CE739A847} = {40CD35B5-CA5C-43BD-9E63-EE3F52073D4E}
		{A756C120-9E09-4D1F-BAA8-D0AF982EEA28} = {40CD35B5-CA5C-43BD-9E63-EE3F52073D4E}
		{EE41D60E-ED22-43F6-B746-630EA6E6FE85} = {40CD35B5-CA5C-43BD-9E63-EE3F52073D4E}
		{849CF95D-A213-4CCE-B598-C328FE398FBC} = {40CD35B5-CA5C-43BD-9E63-EE3F52073D4E}
		{68BA6298-D4EC-4A02-905E-1AF3C0EB2C76} = {40CD35B5-CA5C-43BD-9E63-EE3F52073D4E}
		{E648C29A-EF25-44CB-924E-019949ABD6B9} = {40CD35B5-CA5C-43BD-9E63-EE3F52073D4E}
		{96B0635D-C7E7-40F1-981D-89D1FC4BDC49} = {40CD35B5-CA5C-43BD-9E63-EE3F52073D4E}
		{7C78B8BD-C1F7-4F36-AC77-9510E67E8F48} = {40CD35B5-CA5C-43BD-9E63-EE3F52073D4E}
		{F805F188-B103-4CD1-B68F-97B0A4698B15} = {40CD35B5-CA5C-43BD-9E63-EE3F52073D4E}
		{5EEF8AED-7FE2-4929-8C27-79FBA466BA17} = {40CD35B5-CA5C-43BD-9E63-EE3F52073D4E}
	EndGlobalSection
EndGlobal
